
Microsoft Visual Studio Solution File, Format Version 12.00
# Visual Studio Version 16
VisualStudioVersion = 16.0.29424.173
MinimumVisualStudioVersion = 10.0.40219.1
Project("{FAE04EC0-301F-11D3-BF4B-00C04F79EFBC}") = "MySQL Reports", "MySQL Reports.csproj", "{FF3A13D4-B3EE-4F5C-9AF9-E0674FDDFCEA}"
EndProject
Global
	GlobalSection(SolutionConfigurationPlatforms) = preSolution
		Debug|Any CPU = Debug|Any CPU
		Release|Any CPU = Release|Any CPU
	EndGlobalSection
	GlobalSection(ProjectConfigurationPlatforms) = postSolution
		{FF3A13D4-B3EE-4F5C-9AF9-E0674FDDFCEA}.Debug|Any CPU.ActiveCfg = Debug|Any CPU
		{FF3A13D4-B3EE-4F5C-9AF9-E0674FDDFCEA}.Debug|Any CPU.Build.0 = Debug|Any CPU
		{FF3A13D4-B3EE-4F5C-9AF9-E0674FDDFCEA}.Release|Any CPU.ActiveCfg = Release|Any CPU
		{FF3A13D4-B3EE-4F5C-9AF9-E0674FDDFCEA}.Release|Any CPU.Build.0 = Release|Any CPU
	EndGlobalSection
	GlobalSection(SolutionProperties) = preSolution
		HideSolutionNode = FALSE
	EndGlobalSection
	GlobalSection(ExtensibilityGlobals) = postSolution
		SolutionGuid = {440C415C-838D-482D-86C7-F4273826617A}
	EndGlobalSection
EndGlobal
